
Microsoft Visual Studio Solution File, Format Version 12.00
# Visual Studio 2013
VisualStudioVersion = 12.0.30501.0
MinimumVisualStudioVersion = 10.0.40219.1
Project("{2150E333-8FDC-42A3-9474-1A3956D46DE8}") = "UniversalAppCsharp", "UniversalAppCsharp", "{6FE77539-104B-476A-85AC-C9A557118B75}"
EndProject
Project("{D954291E-2A0B-460D-934E-DC6B0785DB48}") = "UniversalAppCsharp.Shared", "UniversalAppCsharp\UniversalAppCsharp.Shared\UniversalAppCsharp.Shared.shproj", "{688BFA6B-4255-4DCB-B61D-D269C046F8BF}"
EndProject
Project("{FAE04EC0-301F-11D3-BF4B-00C04F79EFBC}") = "UniversalAppCsharp.Windows", "UniversalAppCsharp\UniversalAppCsharp.Windows\UniversalAppCsharp.Windows.csproj", "{8D6D8303-F195-4909-8E03-ED5DF8F85AB3}"
EndProject
Project("{FAE04EC0-301F-11D3-BF4B-00C04F79EFBC}") = "UniversalAppCsharp.WindowsPhone", "UniversalAppCsharp\UniversalAppCsharp.WindowsPhone\UniversalAppCsharp.WindowsPhone.csproj", "{7526EB92-EB4E-4491-BD99-B6A2549F1CAD}"
EndProject
Global
	GlobalSection(SharedMSBuildProjectFiles) = preSolution
		UniversalAppCsharp\UniversalAppCsharp.Shared\UniversalAppCsharp.Shared.projitems*{8d6d8303-f195-4909-8e03-ed5df8f85ab3}*SharedItemsImports = 4
		UniversalAppCsharp\UniversalAppCsharp.Shared\UniversalAppCsharp.Shared.projitems*{688bfa6b-4255-4dcb-b61d-d269c046f8bf}*SharedItemsImports = 13
		UniversalAppCsharp\UniversalAppCsharp.Shared\UniversalAppCsharp.Shared.projitems*{7526eb92-eb4e-4491-bd99-b6a2549f1cad}*SharedItemsImports = 4
	EndGlobalSection
	GlobalSection(SolutionConfigurationPlatforms) = preSolution
		Debug|Any CPU = Debug|Any CPU
		Debug|ARM = Debug|ARM
		Debug|x64 = Debug|x64
		Debug|x86 = Debug|x86
		Release|Any CPU = Release|Any CPU
		Release|ARM = Release|ARM
		Release|x64 = Release|x64
		Release|x86 = Release|x86
	EndGlobalSection
	GlobalSection(ProjectConfigurationPlatforms) = postSolution
		{8D6D8303-F195-4909-8E03-ED5DF8F85AB3}.Debug|Any CPU.ActiveCfg = Debug|Any CPU
		{8D6D8303-F195-4909-8E03-ED5DF8F85AB3}.Debug|Any CPU.Build.0 = Debug|Any CPU
		{8D6D8303-F195-4909-8E03-ED5DF8F85AB3}.Debug|Any CPU.Deploy.0 = Debug|Any CPU
		{8D6D8303-F195-4909-8E03-ED5DF8F85AB3}.Debug|ARM.ActiveCfg = Debug|ARM
		{8D6D8303-F195-4909-8E03-ED5DF8F85AB3}.Debug|ARM.Build.0 = Debug|ARM
		{8D6D8303-F195-4909-8E03-ED5DF8F85AB3}.Debug|ARM.Deploy.0 = Debug|ARM
		{8D6D8303-F195-4909-8E03-ED5DF8F85AB3}.Debug|x64.ActiveCfg = Debug|x64
		{8D6D8303-F195-4909-8E03-ED5DF8F85AB3}.Debug|x64.Build.0 = Debug|x64
		{8D6D8303-F195-4909-8E03-ED5DF8F85AB3}.Debug|x64.Deploy.0 = Debug|x64
		{8D6D8303-F195-4909-8E03-ED5DF8F85AB3}.Debug|x86.ActiveCfg = Debug|x86
		{8D6D8303-F195-4909-8E03-ED5DF8F85AB3}.Debug|x86.Build.0 = Debug|x86
		{8D6D8303-F195-4909-8E03-ED5DF8F85AB3}.Debug|x86.Deploy.0 = Debug|x86
		{8D6D8303-F195-4909-8E03-ED5DF8F85AB3}.Release|Any CPU.ActiveCfg = Release|Any CPU
		{8D6D8303-F195-4909-8E03-ED5DF8F85AB3}.Release|Any CPU.Build.0 = Release|Any CPU
		{8D6D8303-F195-4909-8E03-ED5DF8F85AB3}.Release|Any CPU.Deploy.0 = Release|Any CPU
		{8D6D8303-F195-4909-8E03-ED5DF8F85AB3}.Release|ARM.ActiveCfg = Release|ARM
		{8D6D8303-F195-4909-8E03-ED5DF8F85AB3}.Release|ARM.Build.0 = Release|ARM
		{8D6D8303-F195-4909-8E03-ED5DF8F85AB3}.Release|ARM.Deploy.0 = Release|ARM
		{8D6D8303-F195-4909-8E03-ED5DF8F85AB3}.Release|x64.ActiveCfg = Release|x64
		{8D6D8303-F195-4909-8E03-ED5DF8F85AB3}.Release|x64.Build.0 = Release|x64
		{8D6D8303-F195-4909-8E03-ED5DF8F85AB3}.Release|x64.Deploy.0 = Release|x64
		{8D6D8303-F195-4909-8E03-ED5DF8F85AB3}.Release|x86.ActiveCfg = Release|x86
		{8D6D8303-F195-4909-8E03-ED5DF8F85AB3}.Release|x86.Build.0 = Release|x86
		{8D6D8303-F195-4909-8E03-ED5DF8F85AB3}.Release|x86.Deploy.0 = Release|x86
		{7526EB92-EB4E-4491-BD99-B6A2549F1CAD}.Debug|Any CPU.ActiveCfg = Debug|Any CPU
		{7526EB92-EB4E-4491-BD99-B6A2549F1CAD}.Debug|Any CPU.Build.0 = Debug|Any CPU
		{7526EB92-EB4E-4491-BD99-B6A2549F1CAD}.Debug|Any CPU.Deploy.0 = Debug|Any CPU
		{7526EB92-EB4E-4491-BD99-B6A2549F1CAD}.Debug|ARM.ActiveCfg = Debug|ARM
		{7526EB92-EB4E-4491-BD99-B6A2549F1CAD}.Debug|ARM.Build.0 = Debug|ARM
		{7526EB92-EB4E-4491-BD99-B6A2549F1CAD}.Debug|ARM.Deploy.0 = Debug|ARM
		{7526EB92-EB4E-4491-BD99-B6A2549F1CAD}.Debug|x64.ActiveCfg = Debug|Any CPU
		{7526EB92-EB4E-4491-BD99-B6A2549F1CAD}.Debug|x86.ActiveCfg = Debug|x86
		{7526EB92-EB4E-4491-BD99-B6A2549F1CAD}.Debug|x86.Build.0 = Debug|x86
		{7526EB92-EB4E-4491-BD99-B6A2549F1CAD}.Debug|x86.Deploy.0 = Debug|x86
		{7526EB92-EB4E-4491-BD99-B6A2549F1CAD}.Release|Any CPU.ActiveCfg = Release|Any CPU
		{7526EB92-EB4E-4491-BD99-B6A2549F1CAD}.Release|Any CPU.Build.0 = Release|Any CPU
		{7526EB92-EB4E-4491-BD99-B6A2549F1CAD}.Release|Any CPU.Deploy.0 = Release|Any CPU
		{7526EB92-EB4E-4491-BD99-B6A2549F1CAD}.Release|ARM.ActiveCfg = Release|ARM
		{7526EB92-EB4E-4491-BD99-B6A2549F1CAD}.Release|ARM.Build.0 = Release|ARM
		{7526EB92-EB4E-4491-BD99-B6A2549F1CAD}.Release|ARM.Deploy.0 = Release|ARM
		{7526EB92-EB4E-4491-BD99-B6A2549F1CAD}.Release|x64.ActiveCfg = Release|Any CPU
		{7526EB92-EB4E-4491-BD99-B6A2549F1CAD}.Release|x86.ActiveCfg = Release|x86
		{7526EB92-EB4E-4491-BD99-B6A2549F1CAD}.Release|x86.Build.0 = Release|x86
		{7526EB92-EB4E-4491-BD99-B6A2549F1CAD}.Release|x86.Deploy.0 = Release|x86
	EndGlobalSection
	GlobalSection(SolutionProperties) = preSolution
		HideSolutionNode = FALSE
	EndGlobalSection
	GlobalSection(NestedProjects) = preSolution
		{688BFA6B-4255-4DCB-B61D-D269C046F8BF} = {6FE77539-104B-476A-85AC-C9A557118B75}
		{8D6D8303-F195-4909-8E03-ED5DF8F85AB3} = {6FE77539-104B-476A-85AC-C9A557118B75}
		{7526EB92-EB4E-4491-BD99-B6A2549F1CAD} = {6FE77539-104B-476A-85AC-C9A557118B75}
	EndGlobalSection
EndGlobal
